
Microsoft Visual Studio Solution File, Format Version 12.00
# Visual Studio Version 17
VisualStudioVersion = 17.4.33213.308
MinimumVisualStudioVersion = 10.0.40219.1
Project("{9A19103F-16F7-4668-BE54-9A1E7A4F7556}") = "Exercice_01", "Exercice_01\Exercice_01.csproj", "{4A288D2A-6034-48A7-B419-A8EFE1E874E3}"
EndProject
Project("{9A19103F-16F7-4668-BE54-9A1E7A4F7556}") = "Exercice_2", "Exercice_2\Exercice_2.csproj", "{C4196135-E66C-4890-94EB-B7AD6870D308}"
EndProject
Project("{9A19103F-16F7-4668-BE54-9A1E7A4F7556}") = "Exercice_03", "Exercice_03\Exercice_03.csproj", "{BE135296-A21D-434B-8E4C-AB698BCEBE9A}"
EndProject
Project("{9A19103F-16F7-4668-BE54-9A1E7A4F7556}") = "Exercice_04", "Exercice_04\Exercice_04.csproj", "{150C9D48-C760-4120-9B01-3CDBA0F4EF3D}"
EndProject
Project("{2150E333-8FDC-42A3-9474-1A3956D46DE8}") = "Exercices", "Exercices", "{EB68DA8C-5EBF-42C5-8AE6-4DAAF00CE1BD}"
EndProject
Project("{2150E333-8FDC-42A3-9474-1A3956D46DE8}") = "WebApps", "WebApps", "{149A4BF0-C1EC-4AFE-B923-C65DFBB719C1}"
EndProject
Project("{9A19103F-16F7-4668-BE54-9A1E7A4F7556}") = "Exercice_05", "Exercice_05\Exercice_05.csproj", "{D1CEEFA4-3A6D-4EC6-9023-045BCE8606B4}"
EndProject
Project("{9A19103F-16F7-4668-BE54-9A1E7A4F7556}") = "Exercice_06", "Exercice_06\Exercice_06.csproj", "{BA8D82F3-9E44-469D-A2AC-0CB64841FE38}"
EndProject
Project("{9A19103F-16F7-4668-BE54-9A1E7A4F7556}") = "WebApp_01", "WebApp_01\WebApp_01.csproj", "{ADBC5799-7068-40B4-BF35-A459D9408D8C}"
EndProject
Project("{2150E333-8FDC-42A3-9474-1A3956D46DE8}") = "Theories", "Theories", "{8CDA72D2-7892-46E1-AB5A-DB021232C6C7}"
EndProject
Project("{9A19103F-16F7-4668-BE54-9A1E7A4F7556}") = "Theory_class", "Theory_class\Theory_class.csproj", "{BBD91910-28F7-4788-A862-7F3D7F9F6B26}"
EndProject
Project("{9A19103F-16F7-4668-BE54-9A1E7A4F7556}") = "Theory_interface", "Theory_interface\Theory_interface.csproj", "{7B9A84DF-BA46-47EB-8F44-813F569B74FC}"
EndProject
Project("{2150E333-8FDC-42A3-9474-1A3956D46DE8}") = "Database", "Database", "{D0E1071A-FE16-4FD1-8FA5-5FE72F24135A}"
EndProject
Project("{9A19103F-16F7-4668-BE54-9A1E7A4F7556}") = "Database.App", "Database.App\Database.App.csproj", "{0EED6628-7BC4-403E-8E31-3AC173FE084A}"
EndProject
Project("{9A19103F-16F7-4668-BE54-9A1E7A4F7556}") = "Database.Domain", "Database.Domain\Database.Domain.csproj", "{CA6FB94E-5156-4CCF-BC1A-48E39C2FA7BA}"
EndProject
Project("{9A19103F-16F7-4668-BE54-9A1E7A4F7556}") = "Database.Infrastucture", "Database.Infrastucture\Database.Infrastucture.csproj", "{AE521CF5-84F3-4311-8D17-28A0A5A529AF}"
EndProject
Project("{FAE04EC0-301F-11D3-BF4B-00C04F79EFBC}") = "Theory_Nullable", "Theory_Nullable\Theory_Nullable.csproj", "{1E88BECD-4409-47A9-889B-F7BB361FA127}"
EndProject
Global
	GlobalSection(SolutionConfigurationPlatforms) = preSolution
		Debug|Any CPU = Debug|Any CPU
		Release|Any CPU = Release|Any CPU
	EndGlobalSection
	GlobalSection(ProjectConfigurationPlatforms) = postSolution
		{4A288D2A-6034-48A7-B419-A8EFE1E874E3}.Debug|Any CPU.ActiveCfg = Debug|Any CPU
		{4A288D2A-6034-48A7-B419-A8EFE1E874E3}.Debug|Any CPU.Build.0 = Debug|Any CPU
		{4A288D2A-6034-48A7-B419-A8EFE1E874E3}.Release|Any CPU.ActiveCfg = Release|Any CPU
		{4A288D2A-6034-48A7-B419-A8EFE1E874E3}.Release|Any CPU.Build.0 = Release|Any CPU
		{C4196135-E66C-4890-94EB-B7AD6870D308}.Debug|Any CPU.ActiveCfg = Debug|Any CPU
		{C4196135-E66C-4890-94EB-B7AD6870D308}.Debug|Any CPU.Build.0 = Debug|Any CPU
		{C4196135-E66C-4890-94EB-B7AD6870D308}.Release|Any CPU.ActiveCfg = Release|Any CPU
		{C4196135-E66C-4890-94EB-B7AD6870D308}.Release|Any CPU.Build.0 = Release|Any CPU
		{BE135296-A21D-434B-8E4C-AB698BCEBE9A}.Debug|Any CPU.ActiveCfg = Debug|Any CPU
		{BE135296-A21D-434B-8E4C-AB698BCEBE9A}.Debug|Any CPU.Build.0 = Debug|Any CPU
		{BE135296-A21D-434B-8E4C-AB698BCEBE9A}.Release|Any CPU.ActiveCfg = Release|Any CPU
		{BE135296-A21D-434B-8E4C-AB698BCEBE9A}.Release|Any CPU.Build.0 = Release|Any CPU
		{150C9D48-C760-4120-9B01-3CDBA0F4EF3D}.Debug|Any CPU.ActiveCfg = Debug|Any CPU
		{150C9D48-C760-4120-9B01-3CDBA0F4EF3D}.Debug|Any CPU.Build.0 = Debug|Any CPU
		{150C9D48-C760-4120-9B01-3CDBA0F4EF3D}.Release|Any CPU.ActiveCfg = Release|Any CPU
		{150C9D48-C760-4120-9B01-3CDBA0F4EF3D}.Release|Any CPU.Build.0 = Release|Any CPU
		{D1CEEFA4-3A6D-4EC6-9023-045BCE8606B4}.Debug|Any CPU.ActiveCfg = Debug|Any CPU
		{D1CEEFA4-3A6D-4EC6-9023-045BCE8606B4}.Debug|Any CPU.Build.0 = Debug|Any CPU
		{D1CEEFA4-3A6D-4EC6-9023-045BCE8606B4}.Release|Any CPU.ActiveCfg = Release|Any CPU
		{D1CEEFA4-3A6D-4EC6-9023-045BCE8606B4}.Release|Any CPU.Build.0 = Release|Any CPU
		{BA8D82F3-9E44-469D-A2AC-0CB64841FE38}.Debug|Any CPU.ActiveCfg = Debug|Any CPU
		{BA8D82F3-9E44-469D-A2AC-0CB64841FE38}.Debug|Any CPU.Build.0 = Debug|Any CPU
		{BA8D82F3-9E44-469D-A2AC-0CB64841FE38}.Release|Any CPU.ActiveCfg = Release|Any CPU
		{BA8D82F3-9E44-469D-A2AC-0CB64841FE38}.Release|Any CPU.Build.0 = Release|Any CPU
		{ADBC5799-7068-40B4-BF35-A459D9408D8C}.Debug|Any CPU.ActiveCfg = Debug|Any CPU
		{ADBC5799-7068-40B4-BF35-A459D9408D8C}.Debug|Any CPU.Build.0 = Debug|Any CPU
		{ADBC5799-7068-40B4-BF35-A459D9408D8C}.Release|Any CPU.ActiveCfg = Release|Any CPU
		{ADBC5799-7068-40B4-BF35-A459D9408D8C}.Release|Any CPU.Build.0 = Release|Any CPU
		{BBD91910-28F7-4788-A862-7F3D7F9F6B26}.Debug|Any CPU.ActiveCfg = Debug|Any CPU
		{BBD91910-28F7-4788-A862-7F3D7F9F6B26}.Debug|Any CPU.Build.0 = Debug|Any CPU
		{BBD91910-28F7-4788-A862-7F3D7F9F6B26}.Release|Any CPU.ActiveCfg = Release|Any CPU
		{BBD91910-28F7-4788-A862-7F3D7F9F6B26}.Release|Any CPU.Build.0 = Release|Any CPU
		{7B9A84DF-BA46-47EB-8F44-813F569B74FC}.Debug|Any CPU.ActiveCfg = Debug|Any CPU
		{7B9A84DF-BA46-47EB-8F44-813F569B74FC}.Debug|Any CPU.Build.0 = Debug|Any CPU
		{7B9A84DF-BA46-47EB-8F44-813F569B74FC}.Release|Any CPU.ActiveCfg = Release|Any CPU
		{7B9A84DF-BA46-47EB-8F44-813F569B74FC}.Release|Any CPU.Build.0 = Release|Any CPU
		{0EED6628-7BC4-403E-8E31-3AC173FE084A}.Debug|Any CPU.ActiveCfg = Debug|Any CPU
		{0EED6628-7BC4-403E-8E31-3AC173FE084A}.Debug|Any CPU.Build.0 = Debug|Any CPU
		{0EED6628-7BC4-403E-8E31-3AC173FE084A}.Release|Any CPU.ActiveCfg = Release|Any CPU
		{0EED6628-7BC4-403E-8E31-3AC173FE084A}.Release|Any CPU.Build.0 = Release|Any CPU
		{CA6FB94E-5156-4CCF-BC1A-48E39C2FA7BA}.Debug|Any CPU.ActiveCfg = Debug|Any CPU
		{CA6FB94E-5156-4CCF-BC1A-48E39C2FA7BA}.Debug|Any CPU.Build.0 = Debug|Any CPU
		{CA6FB94E-5156-4CCF-BC1A-48E39C2FA7BA}.Release|Any CPU.ActiveCfg = Release|Any CPU
		{CA6FB94E-5156-4CCF-BC1A-48E39C2FA7BA}.Release|Any CPU.Build.0 = Release|Any CPU
		{AE521CF5-84F3-4311-8D17-28A0A5A529AF}.Debug|Any CPU.ActiveCfg = Debug|Any CPU
		{AE521CF5-84F3-4311-8D17-28A0A5A529AF}.Debug|Any CPU.Build.0 = Debug|Any CPU
		{AE521CF5-84F3-4311-8D17-28A0A5A529AF}.Release|Any CPU.ActiveCfg = Release|Any CPU
		{AE521CF5-84F3-4311-8D17-28A0A5A529AF}.Release|Any CPU.Build.0 = Release|Any CPU
		{1E88BECD-4409-47A9-889B-F7BB361FA127}.Debug|Any CPU.ActiveCfg = Debug|Any CPU
		{1E88BECD-4409-47A9-889B-F7BB361FA127}.Debug|Any CPU.Build.0 = Debug|Any CPU
		{1E88BECD-4409-47A9-889B-F7BB361FA127}.Release|Any CPU.ActiveCfg = Release|Any CPU
		{1E88BECD-4409-47A9-889B-F7BB361FA127}.Release|Any CPU.Build.0 = Release|Any CPU
	EndGlobalSection
	GlobalSection(SolutionProperties) = preSolution
		HideSolutionNode = FALSE
	EndGlobalSection
	GlobalSection(NestedProjects) = preSolution
		{4A288D2A-6034-48A7-B419-A8EFE1E874E3} = {EB68DA8C-5EBF-42C5-8AE6-4DAAF00CE1BD}
		{C4196135-E66C-4890-94EB-B7AD6870D308} = {EB68DA8C-5EBF-42C5-8AE6-4DAAF00CE1BD}
		{BE135296-A21D-434B-8E4C-AB698BCEBE9A} = {EB68DA8C-5EBF-42C5-8AE6-4DAAF00CE1BD}
		{150C9D48-C760-4120-9B01-3CDBA0F4EF3D} = {EB68DA8C-5EBF-42C5-8AE6-4DAAF00CE1BD}
		{D1CEEFA4-3A6D-4EC6-9023-045BCE8606B4} = {EB68DA8C-5EBF-42C5-8AE6-4DAAF00CE1BD}
		{BA8D82F3-9E44-469D-A2AC-0CB64841FE38} = {EB68DA8C-5EBF-42C5-8AE6-4DAAF00CE1BD}
		{ADBC5799-7068-40B4-BF35-A459D9408D8C} = {149A4BF0-C1EC-4AFE-B923-C65DFBB719C1}
		{BBD91910-28F7-4788-A862-7F3D7F9F6B26} = {8CDA72D2-7892-46E1-AB5A-DB021232C6C7}
		{7B9A84DF-BA46-47EB-8F44-813F569B74FC} = {8CDA72D2-7892-46E1-AB5A-DB021232C6C7}
		{0EED6628-7BC4-403E-8E31-3AC173FE084A} = {D0E1071A-FE16-4FD1-8FA5-5FE72F24135A}
		{CA6FB94E-5156-4CCF-BC1A-48E39C2FA7BA} = {D0E1071A-FE16-4FD1-8FA5-5FE72F24135A}
		{AE521CF5-84F3-4311-8D17-28A0A5A529AF} = {D0E1071A-FE16-4FD1-8FA5-5FE72F24135A}
		{1E88BECD-4409-47A9-889B-F7BB361FA127} = {8CDA72D2-7892-46E1-AB5A-DB021232C6C7}
	EndGlobalSection
	GlobalSection(ExtensibilityGlobals) = postSolution
		SolutionGuid = {55087713-F913-496A-8D87-731FB3CD8ACA}
	EndGlobalSection
EndGlobal
